github.com/utubun/ngs/fastq v0.0.0-20240708204522-ec21e6aa0ff5 h1:wS+xPDNodtKtA8yeCEcZUFkZhv7YfaPJ43cmrZ4dRtI=
github.com/utubun/ngs/fastq v0.0.0-20240708204522-ec21e6aa0ff5/go.mod h1:mzW6IREuXJp5wn2+keRo4b38IdRIY7jN0CcMDb3nznQ=
github.com/utubun/ngs/fastq v0.0.0-20240708210107-d3caae1c18b1 h1:k00TWBpHORbwmtUNBWj9FoawIP3MfR481RWzdMHEdp4=
github.com/utubun/ngs/fastq v0.0.0-20240708210107-d3caae1c18b1/go.mod h1:mzW6IREuXJp5wn2+keRo4b38IdRIY7jN0CcMDb3nznQ=
gonum.org/v1/gonum v0.15.0 h1:2lYxjRbTYyxkJxlhC+LvJIx3SsANPdRybu1tGj9/OrQ=
gonum.org/v1/gonum v0.15.0/go.mod h1:xzZVBJBtS+Mz4q0Yl2LJTk+OxOg4jiXZ7qBoM0uISGo=
